// !$*UTF8*$!
{
	archiveVersion = 1;
	classes = {
	};
	objectVersion = 46;
	objects = {

/* Begin PBXBuildFile section */
		FE1C9BE01B645BC900BB2D67 /* FBShimmeringLayer.m in Sources */ = {isa = PBXBuildFile; fileRef = FE1C9BD61B645BC900BB2D67 /* FBShimmeringLayer.m */; };
		FE1C9BE11B645BC900BB2D67 /* FBShimmeringView.m in Sources */ = {isa = PBXBuildFile; fileRef = FE1C9BD81B645BC900BB2D67 /* FBShimmeringView.m */; };
		FE1C9BE21B645BC900BB2D67 /* MMMaterialDesignSpinner.m in Sources */ = {isa = PBXBuildFile; fileRef = FE1C9BDA1B645BC900BB2D67 /* MMMaterialDesignSpinner.m */; };
		FE1C9BE31B645BC900BB2D67 /* WSIndefiniteAnimationView.m in Sources */ = {isa = PBXBuildFile; fileRef = FE1C9BDC1B645BC900BB2D67 /* WSIndefiniteAnimationView.m */; };
		FE1C9BE41B645BC900BB2D67 /* WSProgressBundle.bundle in Resources */ = {isa = PBXBuildFile; fileRef = FE1C9BDD1B645BC900BB2D67 /* WSProgressBundle.bundle */; };
		FE1C9BE51B645BC900BB2D67 /* WSProgressHUD.m in Sources */ = {isa = PBXBuildFile; fileRef = FE1C9BDF1B645BC900BB2D67 /* WSProgressHUD.m */; };
		FE1C9C041B645BD500BB2D67 /* AppDelegate.m in Sources */ = {isa = PBXBuildFile; fileRef = FE1C9BE81B645BD500BB2D67 /* AppDelegate.m */; };
		FE1C9C051B645BD500BB2D67 /* LaunchScreen.xib in Resources */ = {isa = PBXBuildFile; fileRef = FE1C9BE91B645BD500BB2D67 /* LaunchScreen.xib */; };
		FE1C9C061B645BD500BB2D67 /* Main.storyboard in Resources */ = {isa = PBXBuildFile; fileRef = FE1C9BEB1B645BD500BB2D67 /* Main.storyboard */; };
		FE1C9C071B645BD500BB2D67 /* FBShimmeringLayer.m in Sources */ = {isa = PBXBuildFile; fileRef = FE1C9BF01B645BD500BB2D67 /* FBShimmeringLayer.m */; };
		FE1C9C081B645BD500BB2D67 /* FBShimmeringView.m in Sources */ = {isa = PBXBuildFile; fileRef = FE1C9BF21B645BD500BB2D67 /* FBShimmeringView.m */; };
		FE1C9C091B645BD500BB2D67 /* image1.jpg in Resources */ = {isa = PBXBuildFile; fileRef = FE1C9BF31B645BD500BB2D67 /* image1.jpg */; };
		FE1C9C0A1B645BD500BB2D67 /* image2.png in Resources */ = {isa = PBXBuildFile; fileRef = FE1C9BF41B645BD500BB2D67 /* image2.png */; };
		FE1C9C0B1B645BD500BB2D67 /* Images.xcassets in Resources */ = {isa = PBXBuildFile; fileRef = FE1C9BF51B645BD500BB2D67 /* Images.xcassets */; };
		FE1C9C0C1B645BD500BB2D67 /* IMG_6584.png in Resources */ = {isa = PBXBuildFile; fileRef = FE1C9BF61B645BD500BB2D67 /* IMG_6584.png */; };
		FE1C9C0D1B645BD500BB2D67 /* Info.plist in Resources */ = {isa = PBXBuildFile; fileRef = FE1C9BF71B645BD500BB2D67 /* Info.plist */; };
		FE1C9C0E1B645BD500BB2D67 /* main.m in Sources */ = {isa = PBXBuildFile; fileRef = FE1C9BF81B645BD500BB2D67 /* main.m */; };
		FE1C9C0F1B645BD500BB2D67 /* MMMaterialDesignSpinner.m in Sources */ = {isa = PBXBuildFile; fileRef = FE1C9BFA1B645BD500BB2D67 /* MMMaterialDesignSpinner.m */; };
		FE1C9C101B645BD500BB2D67 /* TabViewController1.m in Sources */ = {isa = PBXBuildFile; fileRef = FE1C9BFC1B645BD500BB2D67 /* TabViewController1.m */; };
		FE1C9C111B645BD500BB2D67 /* TabViewController2.m in Sources */ = {isa = PBXBuildFile; fileRef = FE1C9BFE1B645BD500BB2D67 /* TabViewController2.m */; };
		FE1C9C121B645BD500BB2D67 /* ViewController.m in Sources */ = {isa = PBXBuildFile; fileRef = FE1C9C001B645BD500BB2D67 /* ViewController.m */; };
		FE1C9C131B645BD500BB2D67 /* WSIndefiniteAnimationView.m in Sources */ = {isa = PBXBuildFile; fileRef = FE1C9C021B645BD500BB2D67 /* WSIndefiniteAnimationView.m */; };
		FE1C9C141B645BD500BB2D67 /* WSProgressBundle.bundle in Resources */ = {isa = PBXBuildFile; fileRef = FE1C9C031B645BD500BB2D67 /* WSProgressBundle.bundle */; };
		FED429281B63E2A0002A5294 /* Info.plist in Resources */ = {isa = PBXBuildFile; fileRef = FEDB74B91B593589003DDB79 /* Info.plist */; };
		FEDB74BB1B593589003DDB79 /* WSProgressHUDTests.m in Sources */ = {isa = PBXBuildFile; fileRef = FEDB74BA1B593589003DDB79 /* WSProgressHUDTests.m */; };
/* End PBXBuildFile section */

/* Begin PBXContainerItemProxy section */
		FEDB74B51B593589003DDB79 /* PBXContainerItemProxy */ = {
			isa = PBXContainerItemProxy;
			containerPortal = FEDB74931B593589003DDB79 /* Project object */;
			proxyType = 1;
			remoteGlobalIDString = FEDB749A1B593589003DDB79;
			remoteInfo = WSProgressHUD;
		};
/* End PBXContainerItemProxy section */

/* Begin PBXFileReference section */
		FE1C9BD31B645BC900BB2D67 /* FBShimmering-Prefix.pch */ = {isa = PBXFileReference; fileEncoding = 4; lastKnownFileType = sourcecode.c.h; path = "FBShimmering-Prefix.pch"; sourceTree = "<group>"; };
		FE1C9BD41B645BC900BB2D67 /* FBShimmering.h */ = {isa = PBXFileReference; fileEncoding = 4; lastKnownFileType = sourcecode.c.h; path = FBShimmering.h; sourceTree = "<group>"; };
		FE1C9BD51B645BC900BB2D67 /* FBShimmeringLayer.h */ = {isa = PBXFileReference; fileEncoding = 4; lastKnownFileType = sourcecode.c.h; path = FBShimmeringLayer.h; sourceTree = "<group>"; };
		FE1C9BD61B645BC900BB2D67 /* FBShimmeringLayer.m */ = {isa = PBXFileReference; fileEncoding = 4; lastKnownFileType = sourcecode.c.objc; path = FBShimmeringLayer.m; sourceTree = "<group>"; };
		FE1C9BD71B645BC900BB2D67 /* FBShimmeringView.h */ = {isa = PBXFileReference; fileEncoding = 4; lastKnownFileType = sourcecode.c.h; path = FBShimmeringView.h; sourceTree = "<group>"; };
		FE1C9BD81B645BC900BB2D67 /* FBShimmeringView.m */ = {isa = PBXFileReference; fileEncoding = 4; lastKnownFileType = sourcecode.c.objc; path = FBShimmeringView.m; sourceTree = "<group>"; };
		FE1C9BD91B645BC900BB2D67 /* MMMaterialDesignSpinner.h */ = {isa = PBXFileReference; fileEncoding = 4; lastKnownFileType = sourcecode.c.h; path = MMMaterialDesignSpinner.h; sourceTree = "<group>"; };
		FE1C9BDA1B645BC900BB2D67 /* MMMaterialDesignSpinner.m */ = {isa = PBXFileReference; fileEncoding = 4; lastKnownFileType = sourcecode.c.objc; path = MMMaterialDesignSpinner.m; sourceTree = "<group>"; };
		FE1C9BDB1B645BC900BB2D67 /* WSIndefiniteAnimationView.h */ = {isa = PBXFileReference; fileEncoding = 4; lastKnownFileType = sourcecode.c.h; path = WSIndefiniteAnimationView.h; sourceTree = "<group>"; };
		FE1C9BDC1B645BC900BB2D67 /* WSIndefiniteAnimationView.m */ = {isa = PBXFileReference; fileEncoding = 4; lastKnownFileType = sourcecode.c.objc; path = WSIndefiniteAnimationView.m; sourceTree = "<group>"; };
		FE1C9BDD1B645BC900BB2D67 /* WSProgressBundle.bundle */ = {isa = PBXFileReference; lastKnownFileType = "wrapper.plug-in"; path = WSProgressBundle.bundle; sourceTree = "<group>"; };
		FE1C9BDE1B645BC900BB2D67 /* WSProgressHUD.h */ = {isa = PBXFileReference; fileEncoding = 4; lastKnownFileType = sourcecode.c.h; path = WSProgressHUD.h; sourceTree = "<group>"; };
		FE1C9BDF1B645BC900BB2D67 /* WSProgressHUD.m */ = {isa = PBXFileReference; fileEncoding = 4; lastKnownFileType = sourcecode.c.objc; path = WSProgressHUD.m; sourceTree = "<group>"; };
		FE1C9BE71B645BD500BB2D67 /* AppDelegate.h */ = {isa = PBXFileReference; fileEncoding = 4; lastKnownFileType = sourcecode.c.h; path = AppDelegate.h; sourceTree = "<group>"; };
		FE1C9BE81B645BD500BB2D67 /* AppDelegate.m */ = {isa = PBXFileReference; fileEncoding = 4; lastKnownFileType = sourcecode.c.objc; path = AppDelegate.m; sourceTree = "<group>"; };
		FE1C9BEA1B645BD500BB2D67 /* Base */ = {isa = PBXFileReference; lastKnownFileType = file.xib; name = Base; path = Base.lproj/LaunchScreen.xib; sourceTree = "<group>"; };
		FE1C9BEC1B645BD500BB2D67 /* Base */ = {isa = PBXFileReference; lastKnownFileType = file.storyboard; name = Base; path = Base.lproj/Main.storyboard; sourceTree = "<group>"; };
		FE1C9BED1B645BD500BB2D67 /* FBShimmering-Prefix.pch */ = {isa = PBXFileReference; fileEncoding = 4; lastKnownFileType = sourcecode.c.h; path = "FBShimmering-Prefix.pch"; sourceTree = "<group>"; };
		FE1C9BEE1B645BD500BB2D67 /* FBShimmering.h */ = {isa = PBXFileReference; fileEncoding = 4; lastKnownFileType = sourcecode.c.h; path = FBShimmering.h; sourceTree = "<group>"; };
		FE1C9BEF1B645BD500BB2D67 /* FBShimmeringLayer.h */ = {isa = PBXFileReference; fileEncoding = 4; lastKnownFileType = sourcecode.c.h; path = FBShimmeringLayer.h; sourceTree = "<group>"; };
		FE1C9BF01B645BD500BB2D67 /* FBShimmeringLayer.m */ = {isa = PBXFileReference; fileEncoding = 4; lastKnownFileType = sourcecode.c.objc; path = FBShimmeringLayer.m; sourceTree = "<group>"; };
		FE1C9BF11B645BD500BB2D67 /* FBShimmeringView.h */ = {isa = PBXFileReference; fileEncoding = 4; lastKnownFileType = sourcecode.c.h; path = FBShimmeringView.h; sourceTree = "<group>"; };
		FE1C9BF21B645BD500BB2D67 /* FBShimmeringView.m */ = {isa = PBXFileReference; fileEncoding = 4; lastKnownFileType = sourcecode.c.objc; path = FBShimmeringView.m; sourceTree = "<group>"; };
		FE1C9BF31B645BD500BB2D67 /* image1.jpg */ = {isa = PBXFileReference; lastKnownFileType = image.jpeg; path = image1.jpg; sourceTree = "<group>"; };
		FE1C9BF41B645BD500BB2D67 /* image2.png */ = {isa = PBXFileReference; lastKnownFileType = image.png; path = image2.png; sourceTree = "<group>"; };
		FE1C9BF51B645BD500BB2D67 /* Images.xcassets */ = {isa = PBXFileReference; lastKnownFileType = folder.assetcatalog; path = Images.xcassets; sourceTree = "<group>"; };
		FE1C9BF61B645BD500BB2D67 /* IMG_6584.png */ = {isa = PBXFileReference; lastKnownFileType = image.png; path = IMG_6584.png; sourceTree = "<group>"; };
		FE1C9BF71B645BD500BB2D67 /* Info.plist */ = {isa = PBXFileReference; fileEncoding = 4; lastKnownFileType = text.plist.xml; path = Info.plist; sourceTree = "<group>"; };
		FE1C9BF81B645BD500BB2D67 /* main.m */ = {isa = PBXFileReference; fileEncoding = 4; lastKnownFileType = sourcecode.c.objc; path = main.m; sourceTree = "<group>"; };
		FE1C9BF91B645BD500BB2D67 /* MMMaterialDesignSpinner.h */ = {isa = PBXFileReference; fileEncoding = 4; lastKnownFileType = sourcecode.c.h; path = MMMaterialDesignSpinner.h; sourceTree = "<group>"; };
		FE1C9BFA1B645BD500BB2D67 /* MMMaterialDesignSpinner.m */ = {isa = PBXFileReference; fileEncoding = 4; lastKnownFileType = sourcecode.c.objc; path = MMMaterialDesignSpinner.m; sourceTree = "<group>"; };
		FE1C9BFB1B645BD500BB2D67 /* TabViewController1.h */ = {isa = PBXFileReference; fileEncoding = 4; lastKnownFileType = sourcecode.c.h; path = TabViewController1.h; sourceTree = "<group>"; };
		FE1C9BFC1B645BD500BB2D67 /* TabViewController1.m */ = {isa = PBXFileReference; fileEncoding = 4; lastKnownFileType = sourcecode.c.objc; path = TabViewController1.m; sourceTree = "<group>"; };
		FE1C9BFD1B645BD500BB2D67 /* TabViewController2.h */ = {isa = PBXFileReference; fileEncoding = 4; lastKnownFileType = sourcecode.c.h; path = TabViewController2.h; sourceTree = "<group>"; };
		FE1C9BFE1B645BD500BB2D67 /* TabViewController2.m */ = {isa = PBXFileReference; fileEncoding = 4; lastKnownFileType = sourcecode.c.objc; path = TabViewController2.m; sourceTree = "<group>"; };
		FE1C9BFF1B645BD500BB2D67 /* ViewController.h */ = {isa = PBXFileReference; fileEncoding = 4; lastKnownFileType = sourcecode.c.h; path = ViewController.h; sourceTree = "<group>"; };
		FE1C9C001B645BD500BB2D67 /* ViewController.m */ = {isa = PBXFileReference; fileEncoding = 4; lastKnownFileType = sourcecode.c.objc; path = ViewController.m; sourceTree = "<group>"; };
		FE1C9C011B645BD500BB2D67 /* WSIndefiniteAnimationView.h */ = {isa = PBXFileReference; fileEncoding = 4; lastKnownFileType = sourcecode.c.h; path = WSIndefiniteAnimationView.h; sourceTree = "<group>"; };
		FE1C9C021B645BD500BB2D67 /* WSIndefiniteAnimationView.m */ = {isa = PBXFileReference; fileEncoding = 4; lastKnownFileType = sourcecode.c.objc; path = WSIndefiniteAnimationView.m; sourceTree = "<group>"; };
		FE1C9C031B645BD500BB2D67 /* WSProgressBundle.bundle */ = {isa = PBXFileReference; lastKnownFileType = "wrapper.plug-in"; path = WSProgressBundle.bundle; sourceTree = "<group>"; };
		FEDB749B1B593589003DDB79 /* WSProgressHUD.app */ = {isa = PBXFileReference; explicitFileType = wrapper.application; includeInIndex = 0; path = WSProgressHUD.app; sourceTree = BUILT_PRODUCTS_DIR; };
		FEDB74B41B593589003DDB79 /* WSProgressHUDTests.xctest */ = {isa = PBXFileReference; explicitFileType = wrapper.cfbundle; includeInIndex = 0; path = WSProgressHUDTests.xctest; sourceTree = BUILT_PRODUCTS_DIR; };
		FEDB74B91B593589003DDB79 /* Info.plist */ = {isa = PBXFileReference; lastKnownFileType = text.plist.xml; path = Info.plist; sourceTree = "<group>"; };
		FEDB74BA1B593589003DDB79 /* WSProgressHUDTests.m */ = {isa = PBXFileReference; lastKnownFileType = sourcecode.c.objc; path = WSProgressHUDTests.m; sourceTree = "<group>"; };
/* End PBXFileReference section */

/* Begin PBXFrameworksBuildPhase section */
		FEDB74981B593589003DDB79 /* Frameworks */ = {
			isa = PBXFrameworksBuildPhase;
			buildActionMask = 2147483647;
			files = (
			);
			runOnlyForDeploymentPostprocessing = 0;
		};
		FEDB74B11B593589003DDB79 /* Frameworks */ = {
			isa = PBXFrameworksBuildPhase;
			buildActionMask = 2147483647;
			files = (
			);
			runOnlyForDeploymentPostprocessing = 0;
		};
/* End PBXFrameworksBuildPhase section */

/* Begin PBXGroup section */
		FE1C9BD21B645BC900BB2D67 /* WSProgress */ = {
			isa = PBXGroup;
			children = (
				FE1C9BD31B645BC900BB2D67 /* FBShimmering-Prefix.pch */,
				FE1C9BD41B645BC900BB2D67 /* FBShimmering.h */,
				FE1C9BD51B645BC900BB2D67 /* FBShimmeringLayer.h */,
				FE1C9BD61B645BC900BB2D67 /* FBShimmeringLayer.m */,
				FE1C9BD71B645BC900BB2D67 /* FBShimmeringView.h */,
				FE1C9BD81B645BC900BB2D67 /* FBShimmeringView.m */,
				FE1C9BD91B645BC900BB2D67 /* MMMaterialDesignSpinner.h */,
				FE1C9BDA1B645BC900BB2D67 /* MMMaterialDesignSpinner.m */,
				FE1C9BDB1B645BC900BB2D67 /* WSIndefiniteAnimationView.h */,
				FE1C9BDC1B645BC900BB2D67 /* WSIndefiniteAnimationView.m */,
				FE1C9BDD1B645BC900BB2D67 /* WSProgressBundle.bundle */,
				FE1C9BDE1B645BC900BB2D67 /* WSProgressHUD.h */,
				FE1C9BDF1B645BC900BB2D67 /* WSProgressHUD.m */,
			);
			path = WSProgress;
			sourceTree = "<group>";
		};
		FE1C9BE61B645BD500BB2D67 /* WSProgressHUD */ = {
			isa = PBXGroup;
			children = (
				FE1C9BE71B645BD500BB2D67 /* AppDelegate.h */,
				FE1C9BE81B645BD500BB2D67 /* AppDelegate.m */,
				FE1C9BE91B645BD500BB2D67 /* LaunchScreen.xib */,
				FE1C9BEB1B645BD500BB2D67 /* Main.storyboard */,
				FE1C9BED1B645BD500BB2D67 /* FBShimmering-Prefix.pch */,
				FE1C9BEE1B645BD500BB2D67 /* FBShimmering.h */,
				FE1C9BEF1B645BD500BB2D67 /* FBShimmeringLayer.h */,
				FE1C9BF01B645BD500BB2D67 /* FBShimmeringLayer.m */,
				FE1C9BF11B645BD500BB2D67 /* FBShimmeringView.h */,
				FE1C9BF21B645BD500BB2D67 /* FBShimmeringView.m */,
				FE1C9BF31B645BD500BB2D67 /* image1.jpg */,
				FE1C9BF41B645BD500BB2D67 /* image2.png */,
				FE1C9BF51B645BD500BB2D67 /* Images.xcassets */,
				FE1C9BF61B645BD500BB2D67 /* IMG_6584.png */,
				FE1C9BF71B645BD500BB2D67 /* Info.plist */,
				FE1C9BF81B645BD500BB2D67 /* main.m */,
				FE1C9BF91B645BD500BB2D67 /* MMMaterialDesignSpinner.h */,
				FE1C9BFA1B645BD500BB2D67 /* MMMaterialDesignSpinner.m */,
				FE1C9BFB1B645BD500BB2D67 /* TabViewController1.h */,
				FE1C9BFC1B645BD500BB2D67 /* TabViewController1.m */,
				FE1C9BFD1B645BD500BB2D67 /* TabViewController2.h */,
				FE1C9BFE1B645BD500BB2D67 /* TabViewController2.m */,
				FE1C9BFF1B645BD500BB2D67 /* ViewController.h */,
				FE1C9C001B645BD500BB2D67 /* ViewController.m */,
				FE1C9C011B645BD500BB2D67 /* WSIndefiniteAnimationView.h */,
				FE1C9C021B645BD500BB2D67 /* WSIndefiniteAnimationView.m */,
				FE1C9C031B645BD500BB2D67 /* WSProgressBundle.bundle */,
			);
			path = WSProgressHUD;
			sourceTree = "<group>";
		};
		FEDB74921B593589003DDB79 = {
			isa = PBXGroup;
			children = (
				FE1C9BE61B645BD500BB2D67 /* WSProgressHUD */,
				FE1C9BD21B645BC900BB2D67 /* WSProgress */,
				FEDB74B71B593589003DDB79 /* WSProgressHUDTests */,
				FEDB749C1B593589003DDB79 /* Products */,
			);
			sourceTree = "<group>";
		};
		FEDB749C1B593589003DDB79 /* Products */ = {
			isa = PBXGroup;
			children = (
				FEDB749B1B593589003DDB79 /* WSProgressHUD.app */,
				FEDB74B41B593589003DDB79 /* WSProgressHUDTests.xctest */,
			);
			name = Products;
			sourceTree = "<group>";
		};
		FEDB74B71B593589003DDB79 /* WSProgressHUDTests */ = {
			isa = PBXGroup;
			children = (
				FEDB74BA1B593589003DDB79 /* WSProgressHUDTests.m */,
				FEDB74B81B593589003DDB79 /* Supporting Files */,
			);
			path = WSProgressHUDTests;
			sourceTree = "<group>";
		};
		FEDB74B81B593589003DDB79 /* Supporting Files */ = {
			isa = PBXGroup;
			children = (
				FEDB74B91B593589003DDB79 /* Info.plist */,
			);
			name = "Supporting Files";
			sourceTree = "<group>";
		};
/* End PBXGroup section */

/* Begin PBXNativeTarget section */
		FEDB749A1B593589003DDB79 /* WSProgressHUD */ = {
			isa = PBXNativeTarget;
			buildConfigurationList = FEDB74BE1B593589003DDB79 /* Build configuration list for PBXNativeTarget "WSProgressHUD" */;
			buildPhases = (
				FEDB74971B593589003DDB79 /* Sources */,
				FEDB74981B593589003DDB79 /* Frameworks */,
				FEDB74991B593589003DDB79 /* Resources */,
			);
			buildRules = (
			);
			dependencies = (
			);
			name = WSProgressHUD;
			productName = WSProgressHUD;
			productReference = FEDB749B1B593589003DDB79 /* WSProgressHUD.app */;
			productType = "com.apple.product-type.application";
		};
		FEDB74B31B593589003DDB79 /* WSProgressHUDTests */ = {
			isa = PBXNativeTarget;
			buildConfigurationList = FEDB74C11B593589003DDB79 /* Build configuration list for PBXNativeTarget "WSProgressHUDTests" */;
			buildPhases = (
				FEDB74B01B593589003DDB79 /* Sources */,
				FEDB74B11B593589003DDB79 /* Frameworks */,
				FEDB74B21B593589003DDB79 /* Resources */,
			);
			buildRules = (
			);
			dependencies = (
				FEDB74B61B593589003DDB79 /* PBXTargetDependency */,
			);
			name = WSProgressHUDTests;
			productName = WSProgressHUDTests;
			productReference = FEDB74B41B593589003DDB79 /* WSProgressHUDTests.xctest */;
			productType = "com.apple.product-type.bundle.unit-test";
		};
/* End PBXNativeTarget section */

/* Begin PBXProject section */
		FEDB74931B593589003DDB79 /* Project object */ = {
			isa = PBXProject;
			attributes = {
				LastUpgradeCheck = 0640;
				ORGANIZATIONNAME = "wilson-yuan";
				TargetAttributes = {
					FEDB749A1B593589003DDB79 = {
						CreatedOnToolsVersion = 6.4;
					};
					FEDB74B31B593589003DDB79 = {
						CreatedOnToolsVersion = 6.4;
						TestTargetID = FEDB749A1B593589003DDB79;
					};
				};
			};
			buildConfigurationList = FEDB74961B593589003DDB79 /* Build configuration list for PBXProject "WSProgressHUD" */;
			compatibilityVersion = "Xcode 3.2";
			developmentRegion = English;
			hasScannedForEncodings = 0;
			knownRegions = (
				en,
				Base,
			);
			mainGroup = FEDB74921B593589003DDB79;
			productRefGroup = FEDB749C1B593589003DDB79 /* Products */;
			projectDirPath = "";
			projectRoot = "";
			targets = (
				FEDB749A1B593589003DDB79 /* WSProgressHUD */,
				FEDB74B31B593589003DDB79 /* WSProgressHUDTests */,
			);
		};
/* End PBXProject section */

/* Begin PBXResourcesBuildPhase section */
		FEDB74991B593589003DDB79 /* Resources */ = {
			isa = PBXResourcesBuildPhase;
			buildActionMask = 2147483647;
			files = (
				FE1C9C0D1B645BD500BB2D67 /* Info.plist in Resources */,
				FE1C9C051B645BD500BB2D67 /* LaunchScreen.xib in Resources */,
				FE1C9BE41B645BC900BB2D67 /* WSProgressBundle.bundle in Resources */,
				FE1C9C141B645BD500BB2D67 /* WSProgressBundle.bundle in Resources */,
				FE1C9C0A1B645BD500BB2D67 /* image2.png in Resources */,
				FED429281B63E2A0002A5294 /* Info.plist in Resources */,
				FE1C9C091B645BD500BB2D67 /* image1.jpg in Resources */,
				FE1C9C061B645BD500BB2D67 /* Main.storyboard in Resources */,
				FE1C9C0C1B645BD500BB2D67 /* IMG_6584.png in Resources */,
				FE1C9C0B1B645BD500BB2D67 /* Images.xcassets in Resources */,
			);
			runOnlyForDeploymentPostprocessing = 0;
		};
		FEDB74B21B593589003DDB79 /* Resources */ = {
			isa = PBXResourcesBuildPhase;
			buildActionMask = 2147483647;
			files = (
			);
			runOnlyForDeploymentPostprocessing = 0;
		};
/* End PBXResourcesBuildPhase section */

/* Begin PBXSourcesBuildPhase section */
		FEDB74971B593589003DDB79 /* Sources */ = {
			isa = PBXSourcesBuildPhase;
			buildActionMask = 2147483647;
			files = (
				FE1C9C131B645BD500BB2D67 /* WSIndefiniteAnimationView.m in Sources */,
				FE1C9C121B645BD500BB2D67 /* ViewController.m in Sources */,
				FE1C9C041B645BD500BB2D67 /* AppDelegate.m in Sources */,
				FE1C9BE01B645BC900BB2D67 /* FBShimmeringLayer.m in Sources */,
				FE1C9BE51B645BC900BB2D67 /* WSProgressHUD.m in Sources */,
				FE1C9C111B645BD500BB2D67 /* TabViewController2.m in Sources */,
				FE1C9BE11B645BC900BB2D67 /* FBShimmeringView.m in Sources */,
				FE1C9C101B645BD500BB2D67 /* TabViewController1.m in Sources */,
				FE1C9C071B645BD500BB2D67 /* FBShimmeringLayer.m in Sources */,
				FE1C9C081B645BD500BB2D67 /* FBShimmeringView.m in Sources */,
				FE1C9C0F1B645BD500BB2D67 /* MMMaterialDesignSpinner.m in Sources */,
				FE1C9BE21B645BC900BB2D67 /* MMMaterialDesignSpinner.m in Sources */,
				FE1C9BE31B645BC900BB2D67 /* WSIndefiniteAnimationView.m in Sources */,
				FE1C9C0E1B645BD500BB2D67 /* main.m in Sources */,
			);
			runOnlyForDeploymentPostprocessing = 0;
		};
		FEDB74B01B593589003DDB79 /* Sources */ = {
			isa = PBXSourcesBuildPhase;
			buildActionMask = 2147483647;
			files = (
				FEDB74BB1B593589003DDB79 /* WSProgressHUDTests.m in Sources */,
			);
			runOnlyForDeploymentPostprocessing = 0;
		};
/* End PBXSourcesBuildPhase section */

/* Begin PBXTargetDependency section */
		FEDB74B61B593589003DDB79 /* PBXTargetDependency */ = {
			isa = PBXTargetDependency;
			target = FEDB749A1B593589003DDB79 /* WSProgressHUD */;
			targetProxy = FEDB74B51B593589003DDB79 /* PBXContainerItemProxy */;
		};
/* End PBXTargetDependency section */

/* Begin PBXVariantGroup section */
		FE1C9BE91B645BD500BB2D67 /* LaunchScreen.xib */ = {
			isa = PBXVariantGroup;
			children = (
				FE1C9BEA1B645BD500BB2D67 /* Base */,
			);
			name = LaunchScreen.xib;
			sourceTree = "<group>";
		};
		FE1C9BEB1B645BD500BB2D67 /* Main.storyboard */ = {
			isa = PBXVariantGroup;
			children = (
				FE1C9BEC1B645BD500BB2D67 /* Base */,
			);
			name = Main.storyboard;
			sourceTree = "<group>";
		};
/* End PBXVariantGroup section */

/* Begin XCBuildConfiguration section */
		FEDB74BC1B593589003DDB79 /* Debug */ = {
			isa = XCBuildConfiguration;
			buildSettings = {
				ALWAYS_SEARCH_USER_PATHS = NO;
				CLANG_CXX_LANGUAGE_STANDARD = "gnu++0x";
				CLANG_CXX_LIBRARY = "libc++";
				CLANG_ENABLE_MODULES = YES;
				CLANG_ENABLE_OBJC_ARC = YES;
				CLANG_WARN_BOOL_CONVERSION = YES;
				CLANG_WARN_CONSTANT_CONVERSION = YES;
				CLANG_WARN_DIRECT_OBJC_ISA_USAGE = YES_ERROR;
				CLANG_WARN_EMPTY_BODY = YES;
				CLANG_WARN_ENUM_CONVERSION = YES;
				CLANG_WARN_INT_CONVERSION = YES;
				CLANG_WARN_OBJC_ROOT_CLASS = YES_ERROR;
				CLANG_WARN_UNREACHABLE_CODE = YES;
				CLANG_WARN__DUPLICATE_METHOD_MATCH = YES;
				"CODE_SIGN_IDENTITY[sdk=iphoneos*]" = "iPhone Developer";
				COPY_PHASE_STRIP = NO;
				DEBUG_INFORMATION_FORMAT = "dwarf-with-dsym";
				ENABLE_STRICT_OBJC_MSGSEND = YES;
				GCC_C_LANGUAGE_STANDARD = gnu99;
				GCC_DYNAMIC_NO_PIC = NO;
				GCC_NO_COMMON_BLOCKS = YES;
				GCC_OPTIMIZATION_LEVEL = 0;
				GCC_PREPROCESSOR_DEFINITIONS = (
					"DEBUG=1",
					"$(inherited)",
				);
				GCC_SYMBOLS_PRIVATE_EXTERN = NO;
				GCC_WARN_64_TO_32_BIT_CONVERSION = YES;
				GCC_WARN_ABOUT_RETURN_TYPE = YES_ERROR;
				GCC_WARN_UNDECLARED_SELECTOR = YES;
				GCC_WARN_UNINITIALIZED_AUTOS = YES_AGGRESSIVE;
				GCC_WARN_UNUSED_FUNCTION = YES;
				GCC_WARN_UNUSED_VARIABLE = YES;
				IPHONEOS_DEPLOYMENT_TARGET = 8.4;
				MTL_ENABLE_DEBUG_INFO = YES;
				ONLY_ACTIVE_ARCH = YES;
				SDKROOT = iphoneos;
				TARGETED_DEVICE_FAMILY = "1,2";
			};
			name = Debug;
		};
		FEDB74BD1B593589003DDB79 /* Release */ = {
			isa = XCBuildConfiguration;
			buildSettings = {
				ALWAYS_SEARCH_USER_PATHS = NO;
				CLANG_CXX_LANGUAGE_STANDARD = "gnu++0x";
				CLANG_CXX_LIBRARY = "libc++";
				CLANG_ENABLE_MODULES = YES;
				CLANG_ENABLE_OBJC_ARC = YES;
				CLANG_WARN_BOOL_CONVERSION = YES;
				CLANG_WARN_CONSTANT_CONVERSION = YES;
				CLANG_WARN_DIRECT_OBJC_ISA_USAGE = YES_ERROR;
				CLANG_WARN_EMPTY_BODY = YES;
				CLANG_WARN_ENUM_CONVERSION = YES;
				CLANG_WARN_INT_CONVERSION = YES;
				CLANG_WARN_OBJC_ROOT_CLASS = YES_ERROR;
				CLANG_WARN_UNREACHABLE_CODE = YES;
				CLANG_WARN__DUPLICATE_METHOD_MATCH = YES;
				"CODE_SIGN_IDENTITY[sdk=iphoneos*]" = "iPhone Developer";
				COPY_PHASE_STRIP = NO;
				DEBUG_INFORMATION_FORMAT = "dwarf-with-dsym";
				ENABLE_NS_ASSERTIONS = NO;
				ENABLE_STRICT_OBJC_MSGSEND = YES;
				GCC_C_LANGUAGE_STANDARD = gnu99;
				GCC_NO_COMMON_BLOCKS = YES;
				GCC_WARN_64_TO_32_BIT_CONVERSION = YES;
				GCC_WARN_ABOUT_RETURN_TYPE = YES_ERROR;
				GCC_WARN_UNDECLARED_SELECTOR = YES;
				GCC_WARN_UNINITIALIZED_AUTOS = YES_AGGRESSIVE;
				GCC_WARN_UNUSED_FUNCTION = YES;
				GCC_WARN_UNUSED_VARIABLE = YES;
				IPHONEOS_DEPLOYMENT_TARGET = 8.4;
				MTL_ENABLE_DEBUG_INFO = NO;
				SDKROOT = iphoneos;
				TARGETED_DEVICE_FAMILY = "1,2";
				VALIDATE_PRODUCT = YES;
			};
			name = Release;
		};
		FEDB74BF1B593589003DDB79 /* Debug */ = {
			isa = XCBuildConfiguration;
			buildSettings = {
				ASSETCATALOG_COMPILER_APPICON_NAME = AppIcon;
				INFOPLIST_FILE = "$(SRCROOT)/WSProgressHUD/Info.plist";
				IPHONEOS_DEPLOYMENT_TARGET = 8.0;
				LD_RUNPATH_SEARCH_PATHS = "$(inherited) @executable_path/Frameworks";
				PRODUCT_NAME = "$(TARGET_NAME)";
			};
			name = Debug;
		};
		FEDB74C01B593589003DDB79 /* Release */ = {
			isa = XCBuildConfiguration;
			buildSettings = {
				ASSETCATALOG_COMPILER_APPICON_NAME = AppIcon;
				INFOPLIST_FILE = "$(SRCROOT)/WSProgressHUD/Info.plist";
				IPHONEOS_DEPLOYMENT_TARGET = 8.0;
				LD_RUNPATH_SEARCH_PATHS = "$(inherited) @executable_path/Frameworks";
				PRODUCT_NAME = "$(TARGET_NAME)";
			};
			name = Release;
		};
		FEDB74C21B593589003DDB79 /* Debug */ = {
			isa = XCBuildConfiguration;
			buildSettings = {
				BUNDLE_LOADER = "$(TEST_HOST)";
				FRAMEWORK_SEARCH_PATHS = (
					"$(SDKROOT)/Developer/Library/Frameworks",
					"$(inherited)",
				);
				GCC_PREPROCESSOR_DEFINITIONS = (
					"DEBUG=1",
					"$(inherited)",
				);
				INFOPLIST_FILE = WSProgressHUDTests/Info.plist;
				LD_RUNPATH_SEARCH_PATHS = "$(inherited) @executable_path/Frameworks @loader_path/Frameworks";
				PRODUCT_NAME = "$(TARGET_NAME)";
				TEST_HOST = "$(BUILT_PRODUCTS_DIR)/WSProgressHUD.app/WSProgressHUD";
			};
			name = Debug;
		};
		FEDB74C31B593589003DDB79 /* Release */ = {
			isa = XCBuildConfiguration;
			buildSettings = {
				BUNDLE_LOADER = "$(TEST_HOST)";
				FRAMEWORK_SEARCH_PATHS = (
					"$(SDKROOT)/Developer/Library/Frameworks",
					"$(inherited)",
				);
				INFOPLIST_FILE = WSProgressHUDTests/Info.plist;
				LD_RUNPATH_SEARCH_PATHS = "$(inherited) @executable_path/Frameworks @loader_path/Frameworks";
				PRODUCT_NAME = "$(TARGET_NAME)";
				TEST_HOST = "$(BUILT_PRODUCTS_DIR)/WSProgressHUD.app/WSProgressHUD";
			};
			name = Release;
		};
/* End XCBuildConfiguration section */

/* Begin XCConfigurationList section */
		FEDB74961B593589003DDB79 /* Build configuration list for PBXProject "WSProgressHUD" */ = {
			isa = XCConfigurationList;
			buildConfigurations = (
				FEDB74BC1B593589003DDB79 /* Debug */,
				FEDB74BD1B593589003DDB79 /* Release */,
			);
			defaultConfigurationIsVisible = 0;
			defaultConfigurationName = Release;
		};
		FEDB74BE1B593589003DDB79 /* Build configuration list for PBXNativeTarget "WSProgressHUD" */ = {
			isa = XCConfigurationList;
			buildConfigurations = (
				FEDB74BF1B593589003DDB79 /* Debug */,
				FEDB74C01B593589003DDB79 /* Release */,
			);
			defaultConfigurationIsVisible = 0;
			defaultConfigurationName = Release;
		};
		FEDB74C11B593589003DDB79 /* Build configuration list for PBXNativeTarget "WSProgressHUDTests" */ = {
			isa = XCConfigurationList;
			buildConfigurations = (
				FEDB74C21B593589003DDB79 /* Debug */,
				FEDB74C31B593589003DDB79 /* Release */,
			);
			defaultConfigurationIsVisible = 0;
			defaultConfigurationName = Release;
		};
/* End XCConfigurationList section */
	};
	rootObject = FEDB74931B593589003DDB79 /* Project object */;
}
